// !$*UTF8*$!
{
	archiveVersion = 1;
	classes = {
	};
	objectVersion = 77;
	objects = {

/* Begin PBXBuildFile section */
		E94B0CE02DA0F17300EF0451 /* Kingfisher in Frameworks */ = {isa = PBXBuildFile; productRef = E94B0CDF2DA0F17300EF0451 /* Kingfisher */; };
		E94B0D552DA0F80D00EF0451 /* Nimble in Frameworks */ = {isa = PBXBuildFile; productRef = E94B0D542DA0F80D00EF0451 /* Nimble */; };
		E94B0D582DA0F82400EF0451 /* Quick in Frameworks */ = {isa = PBXBuildFile; productRef = E94B0D572DA0F82400EF0451 /* Quick */; };
/* End PBXBuildFile section */

/* Begin PBXContainerItemProxy section */
		E9B36A5F2DA0E9AC00129AB5 /* PBXContainerItemProxy */ = {
			isa = PBXContainerItemProxy;
			containerPortal = E9B36A462DA0E9A800129AB5 /* Project object */;
			proxyType = 1;
			remoteGlobalIDString = E9B36A4D2DA0E9A800129AB5;
			remoteInfo = SimpleImageListCombine;
		};
		E9B36A692DA0E9AC00129AB5 /* PBXContainerItemProxy */ = {
			isa = PBXContainerItemProxy;
			containerPortal = E9B36A462DA0E9A800129AB5 /* Project object */;
			proxyType = 1;
			remoteGlobalIDString = E9B36A4D2DA0E9A800129AB5;
			remoteInfo = SimpleImageListCombine;
		};
/* End PBXContainerItemProxy section */

/* Begin PBXFileReference section */
		E9B36A4E2DA0E9A800129AB5 /* SimpleImageListCombine.app */ = {isa = PBXFileReference; explicitFileType = wrapper.application; includeInIndex = 0; path = SimpleImageListCombine.app; sourceTree = BUILT_PRODUCTS_DIR; };
		E9B36A5E2DA0E9AC00129AB5 /* SimpleImageListCombineTests.xctest */ = {isa = PBXFileReference; explicitFileType = wrapper.cfbundle; includeInIndex = 0; path = SimpleImageListCombineTests.xctest; sourceTree = BUILT_PRODUCTS_DIR; };
		E9B36A682DA0E9AC00129AB5 /* SimpleImageListCombineUITests.xctest */ = {isa = PBXFileReference; explicitFileType = wrapper.cfbundle; includeInIndex = 0; path = SimpleImageListCombineUITests.xctest; sourceTree = BUILT_PRODUCTS_DIR; };
/* End PBXFileReference section */

/* Begin PBXFileSystemSynchronizedRootGroup section */
		E9B36A502DA0E9A800129AB5 /* SimpleImageListCombine */ = {
			isa = PBXFileSystemSynchronizedRootGroup;
			path = SimpleImageListCombine;
			sourceTree = "<group>";
		};
		E9B36A612DA0E9AC00129AB5 /* SimpleImageListCombineTests */ = {
			isa = PBXFileSystemSynchronizedRootGroup;
			path = SimpleImageListCombineTests;
			sourceTree = "<group>";
		};
		E9B36A6B2DA0E9AC00129AB5 /* SimpleImageListCombineUITests */ = {
			isa = PBXFileSystemSynchronizedRootGroup;
			path = SimpleImageListCombineUITests;
			sourceTree = "<group>";
		};
/* End PBXFileSystemSynchronizedRootGroup section */

/* Begin PBXFrameworksBuildPhase section */
		E9B36A4B2DA0E9A800129AB5 /* Frameworks */ = {
			isa = PBXFrameworksBuildPhase;
			buildActionMask = 2147483647;
			files = (
				E94B0CE02DA0F17300EF0451 /* Kingfisher in Frameworks */,
			);
			runOnlyForDeploymentPostprocessing = 0;
		};
		E9B36A5B2DA0E9AC00129AB5 /* Frameworks */ = {
			isa = PBXFrameworksBuildPhase;
			buildActionMask = 2147483647;
			files = (
				E94B0D582DA0F82400EF0451 /* Quick in Frameworks */,
				E94B0D552DA0F80D00EF0451 /* Nimble in Frameworks */,
			);
			runOnlyForDeploymentPostprocessing = 0;
		};
		E9B36A652DA0E9AC00129AB5 /* Frameworks */ = {
			isa = PBXFrameworksBuildPhase;
			buildActionMask = 2147483647;
			files = (
			);
			runOnlyForDeploymentPostprocessing = 0;
		};
/* End PBXFrameworksBuildPhase section */

/* Begin PBXGroup section */
		E94B0CDE2DA0F17300EF0451 /* Frameworks */ = {
			isa = PBXGroup;
			children = (
			);
			name = Frameworks;
			sourceTree = "<group>";
		};
		E9B36A452DA0E9A800129AB5 = {
			isa = PBXGroup;
			children = (
				E9B36A502DA0E9A800129AB5 /* SimpleImageListCombine */,
				E9B36A612DA0E9AC00129AB5 /* SimpleImageListCombineTests */,
				E9B36A6B2DA0E9AC00129AB5 /* SimpleImageListCombineUITests */,
				E94B0CDE2DA0F17300EF0451 /* Frameworks */,
				E9B36A4F2DA0E9A800129AB5 /* Products */,
			);
			sourceTree = "<group>";
		};
		E9B36A4F2DA0E9A800129AB5 /* Products */ = {
			isa = PBXGroup;
			children = (
				E9B36A4E2DA0E9A800129AB5 /* SimpleImageListCombine.app */,
				E9B36A5E2DA0E9AC00129AB5 /* SimpleImageListCombineTests.xctest */,
				E9B36A682DA0E9AC00129AB5 /* SimpleImageListCombineUITests.xctest */,
			);
			name = Products;
			sourceTree = "<group>";
		};
/* End PBXGroup section */

/* Begin PBXNativeTarget section */
		E9B36A4D2DA0E9A800129AB5 /* SimpleImageListCombine */ = {
			isa = PBXNativeTarget;
			buildConfigurationList = E9B36A722DA0E9AC00129AB5 /* Build configuration list for PBXNativeTarget "SimpleImageListCombine" */;
			buildPhases = (
				E9B36A4A2DA0E9A800129AB5 /* Sources */,
				E9B36A4B2DA0E9A800129AB5 /* Frameworks */,
				E9B36A4C2DA0E9A800129AB5 /* Resources */,
			);
			buildRules = (
			);
			dependencies = (
			);
			fileSystemSynchronizedGroups = (
				E9B36A502DA0E9A800129AB5 /* SimpleImageListCombine */,
			);
			name = SimpleImageListCombine;
			packageProductDependencies = (
				E94B0CDF2DA0F17300EF0451 /* Kingfisher */,
			);
			productName = SimpleImageListCombine;
			productReference = E9B36A4E2DA0E9A800129AB5 /* SimpleImageListCombine.app */;
			productType = "com.apple.product-type.application";
		};
		E9B36A5D2DA0E9AC00129AB5 /* SimpleImageListCombineTests */ = {
			isa = PBXNativeTarget;
			buildConfigurationList = E9B36A752DA0E9AC00129AB5 /* Build configuration list for PBXNativeTarget "SimpleImageListCombineTests" */;
			buildPhases = (
				E9B36A5A2DA0E9AC00129AB5 /* Sources */,
				E9B36A5B2DA0E9AC00129AB5 /* Frameworks */,
				E9B36A5C2DA0E9AC00129AB5 /* Resources */,
			);
			buildRules = (
			);
			dependencies = (
				E9B36A602DA0E9AC00129AB5 /* PBXTargetDependency */,
			);
			fileSystemSynchronizedGroups = (
				E9B36A612DA0E9AC00129AB5 /* SimpleImageListCombineTests */,
			);
			name = SimpleImageListCombineTests;
			packageProductDependencies = (
				E94B0D542DA0F80D00EF0451 /* Nimble */,
				E94B0D572DA0F82400EF0451 /* Quick */,
			);
			productName = SimpleImageListCombineTests;
			productReference = E9B36A5E2DA0E9AC00129AB5 /* SimpleImageListCombineTests.xctest */;
			productType = "com.apple.product-type.bundle.unit-test";
		};
		E9B36A672DA0E9AC00129AB5 /* SimpleImageListCombineUITests */ = {
			isa = PBXNativeTarget;
			buildConfigurationList = E9B36A782DA0E9AC00129AB5 /* Build configuration list for PBXNativeTarget "SimpleImageListCombineUITests" */;
			buildPhases = (
				E9B36A642DA0E9AC00129AB5 /* Sources */,
				E9B36A652DA0E9AC00129AB5 /* Frameworks */,
				E9B36A662DA0E9AC00129AB5 /* Resources */,
			);
			buildRules = (
			);
			dependencies = (
				E9B36A6A2DA0E9AC00129AB5 /* PBXTargetDependency */,
			);
			fileSystemSynchronizedGroups = (
				E9B36A6B2DA0E9AC00129AB5 /* SimpleImageListCombineUITests */,
			);
			name = SimpleImageListCombineUITests;
			packageProductDependencies = (
			);
			productName = SimpleImageListCombineUITests;
			productReference = E9B36A682DA0E9AC00129AB5 /* SimpleImageListCombineUITests.xctest */;
			productType = "com.apple.product-type.bundle.ui-testing";
		};
/* End PBXNativeTarget section */

/* Begin PBXProject section */
		E9B36A462DA0E9A800129AB5 /* Project object */ = {
			isa = PBXProject;
			attributes = {
				BuildIndependentTargetsInParallel = 1;
				LastSwiftUpdateCheck = 1620;
				LastUpgradeCheck = 1620;
				TargetAttributes = {
					E9B36A4D2DA0E9A800129AB5 = {
						CreatedOnToolsVersion = 16.2;
					};
					E9B36A5D2DA0E9AC00129AB5 = {
						CreatedOnToolsVersion = 16.2;
						TestTargetID = E9B36A4D2DA0E9A800129AB5;
					};
					E9B36A672DA0E9AC00129AB5 = {
						CreatedOnToolsVersion = 16.2;
						TestTargetID = E9B36A4D2DA0E9A800129AB5;
					};
				};
			};
			buildConfigurationList = E9B36A492DA0E9A800129AB5 /* Build configuration list for PBXProject "SimpleImageListCombine" */;
			developmentRegion = en;
			hasScannedForEncodings = 0;
			knownRegions = (
				en,
				Base,
			);
			mainGroup = E9B36A452DA0E9A800129AB5;
			minimizedProjectReferenceProxies = 1;
			packageReferences = (
				E94B0CDD2DA0F15B00EF0451 /* XCRemoteSwiftPackageReference "Kingfisher" */,
				E94B0CE12DA0F18D00EF0451 /* XCRemoteSwiftPackageReference "SwiftLint" */,
				E94B0D532DA0F80D00EF0451 /* XCRemoteSwiftPackageReference "Nimble" */,
				E94B0D562DA0F82400EF0451 /* XCRemoteSwiftPackageReference "Quick" */,
			);
			preferredProjectObjectVersion = 77;
			productRefGroup = E9B36A4F2DA0E9A800129AB5 /* Products */;
			projectDirPath = "";
			projectRoot = "";
			targets = (
				E9B36A4D2DA0E9A800129AB5 /* SimpleImageListCombine */,
				E9B36A5D2DA0E9AC00129AB5 /* SimpleImageListCombineTests */,
				E9B36A672DA0E9AC00129AB5 /* SimpleImageListCombineUITests */,
			);
		};
/* End PBXProject section */

/* Begin PBXResourcesBuildPhase section */
		E9B36A4C2DA0E9A800129AB5 /* Resources */ = {
			isa = PBXResourcesBuildPhase;
			buildActionMask = 2147483647;
			files = (
			);
			runOnlyForDeploymentPostprocessing = 0;
		};
		E9B36A5C2DA0E9AC00129AB5 /* Resources */ = {
			isa = PBXResourcesBuildPhase;
			buildActionMask = 2147483647;
			files = (
			);
			runOnlyForDeploymentPostprocessing = 0;
		};
		E9B36A662DA0E9AC00129AB5 /* Resources */ = {
			isa = PBXResourcesBuildPhase;
			buildActionMask = 2147483647;
			files = (
			);
			runOnlyForDeploymentPostprocessing = 0;
		};
/* End PBXResourcesBuildPhase section */

/* Begin PBXSourcesBuildPhase section */
		E9B36A4A2DA0E9A800129AB5 /* Sources */ = {
			isa = PBXSourcesBuildPhase;
			buildActionMask = 2147483647;
			files = (
			);
			runOnlyForDeploymentPostprocessing = 0;
		};
		E9B36A5A2DA0E9AC00129AB5 /* Sources */ = {
			isa = PBXSourcesBuildPhase;
			buildActionMask = 2147483647;
			files = (
			);
			runOnlyForDeploymentPostprocessing = 0;
		};
		E9B36A642DA0E9AC00129AB5 /* Sources */ = {
			isa = PBXSourcesBuildPhase;
			buildActionMask = 2147483647;
			files = (
			);
			runOnlyForDeploymentPostprocessing = 0;
		};
/* End PBXSourcesBuildPhase section */

/* Begin PBXTargetDependency section */
		E9B36A602DA0E9AC00129AB5 /* PBXTargetDependency */ = {
			isa = PBXTargetDependency;
			target = E9B36A4D2DA0E9A800129AB5 /* SimpleImageListCombine */;
			targetProxy = E9B36A5F2DA0E9AC00129AB5 /* PBXContainerItemProxy */;
		};
		E9B36A6A2DA0E9AC00129AB5 /* PBXTargetDependency */ = {
			isa = PBXTargetDependency;
			target = E9B36A4D2DA0E9A800129AB5 /* SimpleImageListCombine */;
			targetProxy = E9B36A692DA0E9AC00129AB5 /* PBXContainerItemProxy */;
		};
/* End PBXTargetDependency section */

/* Begin XCBuildConfiguration section */
		E9B36A702DA0E9AC00129AB5 /* Debug */ = {
			isa = XCBuildConfiguration;
			buildSettings = {
				ALWAYS_SEARCH_USER_PATHS = NO;
				ASSETCATALOG_COMPILER_GENERATE_SWIFT_ASSET_SYMBOL_EXTENSIONS = YES;
				CLANG_ANALYZER_NONNULL = YES;
				CLANG_ANALYZER_NUMBER_OBJECT_CONVERSION = YES_AGGRESSIVE;
				CLANG_CXX_LANGUAGE_STANDARD = "gnu++20";
				CLANG_ENABLE_MODULES = YES;
				CLANG_ENABLE_OBJC_ARC = YES;
				CLANG_ENABLE_OBJC_WEAK = YES;
				CLANG_WARN_BLOCK_CAPTURE_AUTORELEASING = YES;
				CLANG_WARN_BOOL_CONVERSION = YES;
				CLANG_WARN_COMMA = YES;
				CLANG_WARN_CONSTANT_CONVERSION = YES;
				CLANG_WARN_DEPRECATED_OBJC_IMPLEMENTATIONS = YES;
				CLANG_WARN_DIRECT_OBJC_ISA_USAGE = YES_ERROR;
				CLANG_WARN_DOCUMENTATION_COMMENTS = YES;
				CLANG_WARN_EMPTY_BODY = YES;
				CLANG_WARN_ENUM_CONVERSION = YES;
				CLANG_WARN_INFINITE_RECURSION = YES;
				CLANG_WARN_INT_CONVERSION = YES;
				CLANG_WARN_NON_LITERAL_NULL_CONVERSION = YES;
				CLANG_WARN_OBJC_IMPLICIT_RETAIN_SELF = YES;
				CLANG_WARN_OBJC_LITERAL_CONVERSION = YES;
				CLANG_WARN_OBJC_ROOT_CLASS = YES_ERROR;
				CLANG_WARN_QUOTED_INCLUDE_IN_FRAMEWORK_HEADER = YES;
				CLANG_WARN_RANGE_LOOP_ANALYSIS = YES;
				CLANG_WARN_STRICT_PROTOTYPES = YES;
				CLANG_WARN_SUSPICIOUS_MOVE = YES;
				CLANG_WARN_UNGUARDED_AVAILABILITY = YES_AGGRESSIVE;
				CLANG_WARN_UNREACHABLE_CODE = YES;
				CLANG_WARN__DUPLICATE_METHOD_MATCH = YES;
				COPY_PHASE_STRIP = NO;
				DEBUG_INFORMATION_FORMAT = dwarf;
				ENABLE_STRICT_OBJC_MSGSEND = YES;
				ENABLE_TESTABILITY = YES;
				ENABLE_USER_SCRIPT_SANDBOXING = YES;
				GCC_C_LANGUAGE_STANDARD = gnu17;
				GCC_DYNAMIC_NO_PIC = NO;
				GCC_NO_COMMON_BLOCKS = YES;
				GCC_OPTIMIZATION_LEVEL = 0;
				GCC_PREPROCESSOR_DEFINITIONS = (
					"DEBUG=1",
					"$(inherited)",
				);
				GCC_WARN_64_TO_32_BIT_CONVERSION = YES;
				GCC_WARN_ABOUT_RETURN_TYPE = YES_ERROR;
				GCC_WARN_UNDECLARED_SELECTOR = YES;
				GCC_WARN_UNINITIALIZED_AUTOS = YES_AGGRESSIVE;
				GCC_WARN_UNUSED_FUNCTION = YES;
				GCC_WARN_UNUSED_VARIABLE = YES;
				IPHONEOS_DEPLOYMENT_TARGET = 15.6;
				LOCALIZATION_PREFERS_STRING_CATALOGS = YES;
				MTL_ENABLE_DEBUG_INFO = INCLUDE_SOURCE;
				MTL_FAST_MATH = YES;
				ONLY_ACTIVE_ARCH = YES;
				SDKROOT = iphoneos;
				SWIFT_ACTIVE_COMPILATION_CONDITIONS = "DEBUG $(inherited)";
				SWIFT_OPTIMIZATION_LEVEL = "-Onone";
			};
			name = Debug;
		};
		E9B36A712DA0E9AC00129AB5 /* Release */ = {
			isa = XCBuildConfiguration;
			buildSettings = {
				ALWAYS_SEARCH_USER_PATHS = NO;
				ASSETCATALOG_COMPILER_GENERATE_SWIFT_ASSET_SYMBOL_EXTENSIONS = YES;
				CLANG_ANALYZER_NONNULL = YES;
				CLANG_ANALYZER_NUMBER_OBJECT_CONVERSION = YES_AGGRESSIVE;
				CLANG_CXX_LANGUAGE_STANDARD = "gnu++20";
				CLANG_ENABLE_MODULES = YES;
				CLANG_ENABLE_OBJC_ARC = YES;
				CLANG_ENABLE_OBJC_WEAK = YES;
				CLANG_WARN_BLOCK_CAPTURE_AUTORELEASING = YES;
				CLANG_WARN_BOOL_CONVERSION = YES;
				CLANG_WARN_COMMA = YES;
				CLANG_WARN_CONSTANT_CONVERSION = YES;
				CLANG_WARN_DEPRECATED_OBJC_IMPLEMENTATIONS = YES;
				CLANG_WARN_DIRECT_OBJC_ISA_USAGE = YES_ERROR;
				CLANG_WARN_DOCUMENTATION_COMMENTS = YES;
				CLANG_WARN_EMPTY_BODY = YES;
				CLANG_WARN_ENUM_CONVERSION = YES;
				CLANG_WARN_INFINITE_RECURSION = YES;
				CLANG_WARN_INT_CONVERSION = YES;
				CLANG_WARN_NON_LITERAL_NULL_CONVERSION = YES;
				CLANG_WARN_OBJC_IMPLICIT_RETAIN_SELF = YES;
				CLANG_WARN_OBJC_LITERAL_CONVERSION = YES;
				CLANG_WARN_OBJC_ROOT_CLASS = YES_ERROR;
				CLANG_WARN_QUOTED_INCLUDE_IN_FRAMEWORK_HEADER = YES;
				CLANG_WARN_RANGE_LOOP_ANALYSIS = YES;
				CLANG_WARN_STRICT_PROTOTYPES = YES;
				CLANG_WARN_SUSPICIOUS_MOVE = YES;
				CLANG_WARN_UNGUARDED_AVAILABILITY = YES_AGGRESSIVE;
				CLANG_WARN_UNREACHABLE_CODE = YES;
				CLANG_WARN__DUPLICATE_METHOD_MATCH = YES;
				COPY_PHASE_STRIP = NO;
				DEBUG_INFORMATION_FORMAT = "dwarf-with-dsym";
				ENABLE_NS_ASSERTIONS = NO;
				ENABLE_STRICT_OBJC_MSGSEND = YES;
				ENABLE_USER_SCRIPT_SANDBOXING = YES;
				GCC_C_LANGUAGE_STANDARD = gnu17;
				GCC_NO_COMMON_BLOCKS = YES;
				GCC_WARN_64_TO_32_BIT_CONVERSION = YES;
				GCC_WARN_ABOUT_RETURN_TYPE = YES_ERROR;
				GCC_WARN_UNDECLARED_SELECTOR = YES;
				GCC_WARN_UNINITIALIZED_AUTOS = YES_AGGRESSIVE;
				GCC_WARN_UNUSED_FUNCTION = YES;
				GCC_WARN_UNUSED_VARIABLE = YES;
				IPHONEOS_DEPLOYMENT_TARGET = 15.6;
				LOCALIZATION_PREFERS_STRING_CATALOGS = YES;
				MTL_ENABLE_DEBUG_INFO = NO;
				MTL_FAST_MATH = YES;
				SDKROOT = iphoneos;
				SWIFT_COMPILATION_MODE = wholemodule;
				VALIDATE_PRODUCT = YES;
			};
			name = Release;
		};
		E9B36A732DA0E9AC00129AB5 /* Debug */ = {
			isa = XCBuildConfiguration;
			buildSettings = {
				ASSETCATALOG_COMPILER_APPICON_NAME = AppIcon;
				ASSETCATALOG_COMPILER_GLOBAL_ACCENT_COLOR_NAME = AccentColor;
				CODE_SIGN_STYLE = Automatic;
				CURRENT_PROJECT_VERSION = 1;
				DEVELOPMENT_ASSET_PATHS = "\"SimpleImageListCombine/Preview Content\"";
				DEVELOPMENT_TEAM = 7FKFW7V9F4;
				ENABLE_PREVIEWS = YES;
				GENERATE_INFOPLIST_FILE = YES;
				INFOPLIST_KEY_UIApplicationSceneManifest_Generation = YES;
				INFOPLIST_KEY_UIApplicationSupportsIndirectInputEvents = YES;
				INFOPLIST_KEY_UILaunchScreen_Generation = YES;
				INFOPLIST_KEY_UISupportedInterfaceOrientations_iPad = "UIInterfaceOrientationPortrait UIInterfaceOrientationPortraitUpsideDown UIInterfaceOrientationLandscapeLeft UIInterfaceOrientationLandscapeRight";
				INFOPLIST_KEY_UISupportedInterfaceOrientations_iPhone = "UIInterfaceOrientationPortrait UIInterfaceOrientationLandscapeLeft UIInterfaceOrientationLandscapeRight";
				LD_RUNPATH_SEARCH_PATHS = (
					"$(inherited)",
					"@executable_path/Frameworks",
				);
				MARKETING_VERSION = 1.0;
				PRODUCT_BUNDLE_IDENTIFIER = com.JH.SimpleImageListCombine;
				PRODUCT_NAME = "$(TARGET_NAME)";
				SWIFT_EMIT_LOC_STRINGS = YES;
				SWIFT_VERSION = 5.0;
				TARGETED_DEVICE_FAMILY = "1,2";
			};
			name = Debug;
		};
		E9B36A742DA0E9AC00129AB5 /* Release */ = {
			isa = XCBuildConfiguration;
			buildSettings = {
				ASSETCATALOG_COMPILER_APPICON_NAME = AppIcon;
				ASSETCATALOG_COMPILER_GLOBAL_ACCENT_COLOR_NAME = AccentColor;
				CODE_SIGN_STYLE = Automatic;
				CURRENT_PROJECT_VERSION = 1;
				DEVELOPMENT_ASSET_PATHS = "\"SimpleImageListCombine/Preview Content\"";
				DEVELOPMENT_TEAM = 7FKFW7V9F4;
				ENABLE_PREVIEWS = YES;
				GENERATE_INFOPLIST_FILE = YES;
				INFOPLIST_KEY_UIApplicationSceneManifest_Generation = YES;
				INFOPLIST_KEY_UIApplicationSupportsIndirectInputEvents = YES;
				INFOPLIST_KEY_UILaunchScreen_Generation = YES;
				INFOPLIST_KEY_UISupportedInterfaceOrientations_iPad = "UIInterfaceOrientationPortrait UIInterfaceOrientationPortraitUpsideDown UIInterfaceOrientationLandscapeLeft UIInterfaceOrientationLandscapeRight";
				INFOPLIST_KEY_UISupportedInterfaceOrientations_iPhone = "UIInterfaceOrientationPortrait UIInterfaceOrientationLandscapeLeft UIInterfaceOrientationLandscapeRight";
				LD_RUNPATH_SEARCH_PATHS = (
					"$(inherited)",
					"@executable_path/Frameworks",
				);
				MARKETING_VERSION = 1.0;
				PRODUCT_BUNDLE_IDENTIFIER = com.JH.SimpleImageListCombine;
				PRODUCT_NAME = "$(TARGET_NAME)";
				SWIFT_EMIT_LOC_STRINGS = YES;
				SWIFT_VERSION = 5.0;
				TARGETED_DEVICE_FAMILY = "1,2";
			};
			name = Release;
		};
		E9B36A762DA0E9AC00129AB5 /* Debug */ = {
			isa = XCBuildConfiguration;
			buildSettings = {
				BUNDLE_LOADER = "$(TEST_HOST)";
				CODE_SIGN_STYLE = Automatic;
				CURRENT_PROJECT_VERSION = 1;
				DEVELOPMENT_TEAM = 7FKFW7V9F4;
				GENERATE_INFOPLIST_FILE = YES;
				IPHONEOS_DEPLOYMENT_TARGET = 18.2;
				MARKETING_VERSION = 1.0;
				PRODUCT_BUNDLE_IDENTIFIER = com.JH.SimpleImageListCombineTests;
				PRODUCT_NAME = "$(TARGET_NAME)";
				SWIFT_EMIT_LOC_STRINGS = NO;
				SWIFT_VERSION = 5.0;
				TARGETED_DEVICE_FAMILY = "1,2";
				TEST_HOST = "$(BUILT_PRODUCTS_DIR)/SimpleImageListCombine.app/$(BUNDLE_EXECUTABLE_FOLDER_PATH)/SimpleImageListCombine";
			};
			name = Debug;
		};
		E9B36A772DA0E9AC00129AB5 /* Release */ = {
			isa = XCBuildConfiguration;
			buildSettings = {
				BUNDLE_LOADER = "$(TEST_HOST)";
				CODE_SIGN_STYLE = Automatic;
				CURRENT_PROJECT_VERSION = 1;
				DEVELOPMENT_TEAM = 7FKFW7V9F4;
				GENERATE_INFOPLIST_FILE = YES;
				IPHONEOS_DEPLOYMENT_TARGET = 18.2;
				MARKETING_VERSION = 1.0;
				PRODUCT_BUNDLE_IDENTIFIER = com.JH.SimpleImageListCombineTests;
				PRODUCT_NAME = "$(TARGET_NAME)";
				SWIFT_EMIT_LOC_STRINGS = NO;
				SWIFT_VERSION = 5.0;
				TARGETED_DEVICE_FAMILY = "1,2";
				TEST_HOST = "$(BUILT_PRODUCTS_DIR)/SimpleImageListCombine.app/$(BUNDLE_EXECUTABLE_FOLDER_PATH)/SimpleImageListCombine";
			};
			name = Release;
		};
		E9B36A792DA0E9AC00129AB5 /* Debug */ = {
			isa = XCBuildConfiguration;
			buildSettings = {
				CODE_SIGN_STYLE = Automatic;
				CURRENT_PROJECT_VERSION = 1;
				DEVELOPMENT_TEAM = 7FKFW7V9F4;
				GENERATE_INFOPLIST_FILE = YES;
				MARKETING_VERSION = 1.0;
				PRODUCT_BUNDLE_IDENTIFIER = com.JH.SimpleImageListCombineUITests;
				PRODUCT_NAME = "$(TARGET_NAME)";
				SWIFT_EMIT_LOC_STRINGS = NO;
				SWIFT_VERSION = 5.0;
				TARGETED_DEVICE_FAMILY = "1,2";
				TEST_TARGET_NAME = SimpleImageListCombine;
			};
			name = Debug;
		};
		E9B36A7A2DA0E9AC00129AB5 /* Release */ = {
			isa = XCBuildConfiguration;
			buildSettings = {
				CODE_SIGN_STYLE = Automatic;
				CURRENT_PROJECT_VERSION = 1;
				DEVELOPMENT_TEAM = 7FKFW7V9F4;
				GENERATE_INFOPLIST_FILE = YES;
				MARKETING_VERSION = 1.0;
				PRODUCT_BUNDLE_IDENTIFIER = com.JH.SimpleImageListCombineUITests;
				PRODUCT_NAME = "$(TARGET_NAME)";
				SWIFT_EMIT_LOC_STRINGS = NO;
				SWIFT_VERSION = 5.0;
				TARGETED_DEVICE_FAMILY = "1,2";
				TEST_TARGET_NAME = SimpleImageListCombine;
			};
			name = Release;
		};
/* End XCBuildConfiguration section */

/* Begin XCConfigurationList section */
		E9B36A492DA0E9A800129AB5 /* Build configuration list for PBXProject "SimpleImageListCombine" */ = {
			isa = XCConfigurationList;
			buildConfigurations = (
				E9B36A702DA0E9AC00129AB5 /* Debug */,
				E9B36A712DA0E9AC00129AB5 /* Release */,
			);
			defaultConfigurationIsVisible = 0;
			defaultConfigurationName = Release;
		};
		E9B36A722DA0E9AC00129AB5 /* Build configuration list for PBXNativeTarget "SimpleImageListCombine" */ = {
			isa = XCConfigurationList;
			buildConfigurations = (
				E9B36A732DA0E9AC00129AB5 /* Debug */,
				E9B36A742DA0E9AC00129AB5 /* Release */,
			);
			defaultConfigurationIsVisible = 0;
			defaultConfigurationName = Release;
		};
		E9B36A752DA0E9AC00129AB5 /* Build configuration list for PBXNativeTarget "SimpleImageListCombineTests" */ = {
			isa = XCConfigurationList;
			buildConfigurations = (
				E9B36A762DA0E9AC00129AB5 /* Debug */,
				E9B36A772DA0E9AC00129AB5 /* Release */,
			);
			defaultConfigurationIsVisible = 0;
			defaultConfigurationName = Release;
		};
		E9B36A782DA0E9AC00129AB5 /* Build configuration list for PBXNativeTarget "SimpleImageListCombineUITests" */ = {
			isa = XCConfigurationList;
			buildConfigurations = (
				E9B36A792DA0E9AC00129AB5 /* Debug */,
				E9B36A7A2DA0E9AC00129AB5 /* Release */,
			);
			defaultConfigurationIsVisible = 0;
			defaultConfigurationName = Release;
		};
/* End XCConfigurationList section */

/* Begin XCRemoteSwiftPackageReference section */
		E94B0CDD2DA0F15B00EF0451 /* XCRemoteSwiftPackageReference "Kingfisher" */ = {
			isa = XCRemoteSwiftPackageReference;
			repositoryURL = "https://github.com/onevcat/Kingfisher.git";
			requirement = {
				kind = upToNextMajorVersion;
				minimumVersion = 8.3.1;
			};
		};
		E94B0CE12DA0F18D00EF0451 /* XCRemoteSwiftPackageReference "SwiftLint" */ = {
			isa = XCRemoteSwiftPackageReference;
			repositoryURL = "https://github.com/realm/SwiftLint";
			requirement = {
				kind = upToNextMajorVersion;
				minimumVersion = 0.58.2;
			};
		};
		E94B0D532DA0F80D00EF0451 /* XCRemoteSwiftPackageReference "Nimble" */ = {
			isa = XCRemoteSwiftPackageReference;
			repositoryURL = "https://github.com/Quick/Nimble";
			requirement = {
				branch = main;
				kind = branch;
			};
		};
		E94B0D562DA0F82400EF0451 /* XCRemoteSwiftPackageReference "Quick" */ = {
			isa = XCRemoteSwiftPackageReference;
			repositoryURL = "https://github.com/Quick/Quick";
			requirement = {
				branch = main;
				kind = branch;
			};
		};
/* End XCRemoteSwiftPackageReference section */

/* Begin XCSwiftPackageProductDependency section */
		E94B0CDF2DA0F17300EF0451 /* Kingfisher */ = {
			isa = XCSwiftPackageProductDependency;
			package = E94B0CDD2DA0F15B00EF0451 /* XCRemoteSwiftPackageReference "Kingfisher" */;
			productName = Kingfisher;
		};
		E94B0D542DA0F80D00EF0451 /* Nimble */ = {
			isa = XCSwiftPackageProductDependency;
			package = E94B0D532DA0F80D00EF0451 /* XCRemoteSwiftPackageReference "Nimble" */;
			productName = Nimble;
		};
		E94B0D572DA0F82400EF0451 /* Quick */ = {
			isa = XCSwiftPackageProductDependency;
			package = E94B0D562DA0F82400EF0451 /* XCRemoteSwiftPackageReference "Quick" */;
			productName = Quick;
		};
/* End XCSwiftPackageProductDependency section */
	};
	rootObject = E9B36A462DA0E9A800129AB5 /* Project object */;
}
